
Microsoft Visual Studio Solution File, Format Version 12.00
# Visual Studio Version 17
VisualStudioVersion = 17.6.33829.357
MinimumVisualStudioVersion = 10.0.40219.1
Project("{FAE04EC0-301F-11D3-BF4B-00C04F79EFBC}") = "GroundStation", "GroundStation.csproj", "{FC93B056-3D1F-4104-A838-D2C4E457F664}"
EndProject
Global
	GlobalSection(SolutionConfigurationPlatforms) = preSolution
		Debug|Any CPU = Debug|Any CPU
		Release|Any CPU = Release|Any CPU
	EndGlobalSection
	GlobalSection(ProjectConfigurationPlatforms) = postSolution
		{FC93B056-3D1F-4104-A838-D2C4E457F664}.Debug|Any CPU.ActiveCfg = Debug|Any CPU
		{FC93B056-3D1F-4104-A838-D2C4E457F664}.Debug|Any CPU.Build.0 = Debug|Any CPU
		{FC93B056-3D1F-4104-A838-D2C4E457F664}.Release|Any CPU.ActiveCfg = Release|Any CPU
		{FC93B056-3D1F-4104-A838-D2C4E457F664}.Release|Any CPU.Build.0 = Release|Any CPU
	EndGlobalSection
	GlobalSection(SolutionProperties) = preSolution
		HideSolutionNode = FALSE
	EndGlobalSection
	GlobalSection(ExtensibilityGlobals) = postSolution
		SolutionGuid = {AF9AB430-CFDB-4471-A43B-1C5C44E81C25}
	EndGlobalSection
EndGlobal
